
Microsoft Visual Studio Solution File, Format Version 12.00
# Visual Studio Version 17
VisualStudioVersion = 17.7.34221.43
MinimumVisualStudioVersion = 10.0.40219.1
Project("{FAE04EC0-301F-11D3-BF4B-00C04F79EFBC}") = "StringParser", "StringParser\StringParser.csproj", "{83DAF06E-56B1-47DC-9239-D8158F993AC7}"
EndProject
Project("{FAE04EC0-301F-11D3-BF4B-00C04F79EFBC}") = "StackMath", "StackMath\StackMath.csproj", "{C4647F84-0ACF-4F54-9C3D-A9569B79D31B}"
EndProject
Project("{FAE04EC0-301F-11D3-BF4B-00C04F79EFBC}") = "StackMathConsole", "StackMathConsole\StackMathConsole.csproj", "{73BE643D-9EA8-49FB-BDEE-CD132785D89F}"
EndProject
Global
	GlobalSection(SolutionConfigurationPlatforms) = preSolution
		Debug|Any CPU = Debug|Any CPU
		Release|Any CPU = Release|Any CPU
	EndGlobalSection
	GlobalSection(ProjectConfigurationPlatforms) = postSolution
		{83DAF06E-56B1-47DC-9239-D8158F993AC7}.Debug|Any CPU.ActiveCfg = Debug|Any CPU
		{83DAF06E-56B1-47DC-9239-D8158F993AC7}.Debug|Any CPU.Build.0 = Debug|Any CPU
		{83DAF06E-56B1-47DC-9239-D8158F993AC7}.Release|Any CPU.ActiveCfg = Release|Any CPU
		{83DAF06E-56B1-47DC-9239-D8158F993AC7}.Release|Any CPU.Build.0 = Release|Any CPU
		{C4647F84-0ACF-4F54-9C3D-A9569B79D31B}.Debug|Any CPU.ActiveCfg = Debug|Any CPU
		{C4647F84-0ACF-4F54-9C3D-A9569B79D31B}.Debug|Any CPU.Build.0 = Debug|Any CPU
		{C4647F84-0ACF-4F54-9C3D-A9569B79D31B}.Release|Any CPU.ActiveCfg = Release|Any CPU
		{C4647F84-0ACF-4F54-9C3D-A9569B79D31B}.Release|Any CPU.Build.0 = Release|Any CPU
		{73BE643D-9EA8-49FB-BDEE-CD132785D89F}.Debug|Any CPU.ActiveCfg = Debug|Any CPU
		{73BE643D-9EA8-49FB-BDEE-CD132785D89F}.Debug|Any CPU.Build.0 = Debug|Any CPU
		{73BE643D-9EA8-49FB-BDEE-CD132785D89F}.Release|Any CPU.ActiveCfg = Release|Any CPU
		{73BE643D-9EA8-49FB-BDEE-CD132785D89F}.Release|Any CPU.Build.0 = Release|Any CPU
	EndGlobalSection
	GlobalSection(SolutionProperties) = preSolution
		HideSolutionNode = FALSE
	EndGlobalSection
	GlobalSection(ExtensibilityGlobals) = postSolution
		SolutionGuid = {0D939910-D8CE-44CA-A29A-545EDD7E4E05}
	EndGlobalSection
EndGlobal
